{
  "name": "docs",
  "version": "1.0.0",
  "lockfileVersion": 3,
  "requires": true,
  "packages": {
    "": {
      "name": "docs",
      "version": "1.0.0",
      "dependencies": {
        "@langchain/docs-sandbox": "0.0.10"
      }
    },
    "node_modules/@langchain/docs-sandbox": {
      "version": "0.0.10",
      "resolved": "https://registry.npmjs.org/@langchain/docs-sandbox/-/docs-sandbox-0.0.10.tgz",
      "integrity": "sha512-Qi+GvvboruWUzYfW8ceCvgd8whm+ofCCunCmnrFw9uGbT0q2iRtQl9bkzJTiwYs5QZtT617GaIyTEAjGqQOyCQ==",
      "peerDependencies": {
        "@langchain/playground-preview-protocol": "workspace:*",
        "react": "^18 || ^19",
        "zod": "^4.3.6"
      }
    }
  }
}
