{
  "name": "docs",
  "version": "1.0.0",
  "lockfileVersion": 3,
  "requires": true,
  "packages": {
    "": {
      "name": "docs",
      "version": "1.0.0",
      "dependencies": {
        "@langchain/docs-sandbox": "0.0.9"
      }
    },
    "node_modules/@langchain/docs-sandbox": {
      "version": "0.0.9",
      "resolved": "https://registry.npmjs.org/@langchain/docs-sandbox/-/docs-sandbox-0.0.9.tgz",
      "integrity": "sha512-1uUHqPF4Vy8zIWP2L0xoMUtfwcvi2/wudYdPWFkLgyEqXFHDJ8jWr1YwFdb2McKz5Cmqw7f9eakzjGOgaNHdGw==",
      "peerDependencies": {
        "@langchain/playground-preview-protocol": "workspace:*",
        "react": "^18 || ^19",
        "zod": "^4.3.6"
      }
    }
  }
}
