{
  "name": "docs",
  "version": "1.0.0",
  "lockfileVersion": 3,
  "requires": true,
  "packages": {
    "": {
      "name": "docs",
      "version": "1.0.0",
      "dependencies": {
        "@langchain/docs-sandbox": "0.0.5"
      }
    },
    "node_modules/@langchain/docs-sandbox": {
      "version": "0.0.5",
      "resolved": "https://registry.npmjs.org/@langchain/docs-sandbox/-/docs-sandbox-0.0.5.tgz",
      "integrity": "sha512-clMxDpWqVUaIgs2u3Nj4uGpQD1dEDYO+Lva9qmo8HSQucwfnyGjFGE9nSuvDfdf/or+/2asApu8QB8WvRPruOA==",
      "peerDependencies": {
        "@langchain/playground-preview-protocol": "workspace:*",
        "react": "^18 || ^19",
        "zod": "^4.3.6"
      }
    }
  }
}
